// !$*UTF8*$!
{
	archiveVersion = 1;
	classes = {
	};
	objectVersion = 50;
	objects = {

/* Begin PBXBuildFile section */
		4B16998A23EFE9090056AB59 /* SameCell.swift in Sources */ = {isa = PBXBuildFile; fileRef = 4B16998923EFE9090056AB59 /* SameCell.swift */; };
		4B16998C23EFEAB80056AB59 /* Same.swift in Sources */ = {isa = PBXBuildFile; fileRef = 4B16998B23EFEAB80056AB59 /* Same.swift */; };
		4B16999423EFFAB80056AB59 /* computer_listTests.swift in Sources */ = {isa = PBXBuildFile; fileRef = 4B16999323EFFAB80056AB59 /* computer_listTests.swift */; };
		4B16999C23EFFC0C0056AB59 /* ListTest.swift in Sources */ = {isa = PBXBuildFile; fileRef = 4B16999B23EFFC0C0056AB59 /* ListTest.swift */; };
		4B16999E23F05D900056AB59 /* RouterTest.swift in Sources */ = {isa = PBXBuildFile; fileRef = 4B16999D23F05D900056AB59 /* RouterTest.swift */; };
		4B3CD3AF23E753B500DB1E3D /* DetailViewController.swift in Sources */ = {isa = PBXBuildFile; fileRef = 4B3CD3AE23E753B500DB1E3D /* DetailViewController.swift */; };
		4B3CD3B123E80A9D00DB1E3D /* IndicatorAlert.swift in Sources */ = {isa = PBXBuildFile; fileRef = 4B3CD3B023E80A9D00DB1E3D /* IndicatorAlert.swift */; };
		4B9C188223E4F00F00A048CB /* AppDelegate.swift in Sources */ = {isa = PBXBuildFile; fileRef = 4B9C188123E4F00F00A048CB /* AppDelegate.swift */; };
		4B9C188623E4F00F00A048CB /* ListViewController.swift in Sources */ = {isa = PBXBuildFile; fileRef = 4B9C188523E4F00F00A048CB /* ListViewController.swift */; };
		4B9C188C23E4F00F00A048CB /* computer_list.xcdatamodeld in Sources */ = {isa = PBXBuildFile; fileRef = 4B9C188A23E4F00F00A048CB /* computer_list.xcdatamodeld */; };
		4B9C188E23E4F01400A048CB /* Assets.xcassets in Resources */ = {isa = PBXBuildFile; fileRef = 4B9C188D23E4F01400A048CB /* Assets.xcassets */; };
		4B9C189123E4F01400A048CB /* LaunchScreen.storyboard in Resources */ = {isa = PBXBuildFile; fileRef = 4B9C188F23E4F01400A048CB /* LaunchScreen.storyboard */; };
		4B9C189B23E4F55A00A048CB /* ListCell.swift in Sources */ = {isa = PBXBuildFile; fileRef = 4B9C189A23E4F55A00A048CB /* ListCell.swift */; };
		4BC7321523E6397F005A17E9 /* Builder.swift in Sources */ = {isa = PBXBuildFile; fileRef = 4BC7321423E6397F005A17E9 /* Builder.swift */; };
		4BC7321723E639A9005A17E9 /* Router.swift in Sources */ = {isa = PBXBuildFile; fileRef = 4BC7321623E639A9005A17E9 /* Router.swift */; };
		4BC7321923E63B51005A17E9 /* ListPresenter.swift in Sources */ = {isa = PBXBuildFile; fileRef = 4BC7321823E63B51005A17E9 /* ListPresenter.swift */; };
		4BC7321D23E63E1C005A17E9 /* List.swift in Sources */ = {isa = PBXBuildFile; fileRef = 4BC7321C23E63E1C005A17E9 /* List.swift */; };
		4BC7321F23E6D18F005A17E9 /* NetworkService.swift in Sources */ = {isa = PBXBuildFile; fileRef = 4BC7321E23E6D18F005A17E9 /* NetworkService.swift */; };
		4BE0D75B23E81BFF0042EEF1 /* DetailPresenter.swift in Sources */ = {isa = PBXBuildFile; fileRef = 4BE0D75A23E81BFF0042EEF1 /* DetailPresenter.swift */; };
		4BE0D75D23E81C990042EEF1 /* Detail.swift in Sources */ = {isa = PBXBuildFile; fileRef = 4BE0D75C23E81C990042EEF1 /* Detail.swift */; };
/* End PBXBuildFile section */

/* Begin PBXContainerItemProxy section */
		4B16999623EFFAB80056AB59 /* PBXContainerItemProxy */ = {
			isa = PBXContainerItemProxy;
			containerPortal = 4B9C187623E4F00F00A048CB /* Project object */;
			proxyType = 1;
			remoteGlobalIDString = 4B9C187D23E4F00F00A048CB;
			remoteInfo = "computer-list";
		};
/* End PBXContainerItemProxy section */

/* Begin PBXFileReference section */
		4B16998923EFE9090056AB59 /* SameCell.swift */ = {isa = PBXFileReference; lastKnownFileType = sourcecode.swift; path = SameCell.swift; sourceTree = "<group>"; };
		4B16998B23EFEAB80056AB59 /* Same.swift */ = {isa = PBXFileReference; lastKnownFileType = sourcecode.swift; path = Same.swift; sourceTree = "<group>"; };
		4B16999123EFFAB80056AB59 /* computer-listTests.xctest */ = {isa = PBXFileReference; explicitFileType = wrapper.cfbundle; includeInIndex = 0; path = "computer-listTests.xctest"; sourceTree = BUILT_PRODUCTS_DIR; };
		4B16999323EFFAB80056AB59 /* computer_listTests.swift */ = {isa = PBXFileReference; lastKnownFileType = sourcecode.swift; path = computer_listTests.swift; sourceTree = "<group>"; };
		4B16999523EFFAB80056AB59 /* Info.plist */ = {isa = PBXFileReference; lastKnownFileType = text.plist.xml; path = Info.plist; sourceTree = "<group>"; };
		4B16999B23EFFC0C0056AB59 /* ListTest.swift */ = {isa = PBXFileReference; lastKnownFileType = sourcecode.swift; path = ListTest.swift; sourceTree = "<group>"; };
		4B16999D23F05D900056AB59 /* RouterTest.swift */ = {isa = PBXFileReference; lastKnownFileType = sourcecode.swift; path = RouterTest.swift; sourceTree = "<group>"; };
		4B3CD3AE23E753B500DB1E3D /* DetailViewController.swift */ = {isa = PBXFileReference; lastKnownFileType = sourcecode.swift; path = DetailViewController.swift; sourceTree = "<group>"; };
		4B3CD3B023E80A9D00DB1E3D /* IndicatorAlert.swift */ = {isa = PBXFileReference; lastKnownFileType = sourcecode.swift; path = IndicatorAlert.swift; sourceTree = "<group>"; };
		4B9C187E23E4F00F00A048CB /* computer-list.app */ = {isa = PBXFileReference; explicitFileType = wrapper.application; includeInIndex = 0; path = "computer-list.app"; sourceTree = BUILT_PRODUCTS_DIR; };
		4B9C188123E4F00F00A048CB /* AppDelegate.swift */ = {isa = PBXFileReference; lastKnownFileType = sourcecode.swift; path = AppDelegate.swift; sourceTree = "<group>"; };
		4B9C188523E4F00F00A048CB /* ListViewController.swift */ = {isa = PBXFileReference; lastKnownFileType = sourcecode.swift; path = ListViewController.swift; sourceTree = "<group>"; };
		4B9C188B23E4F00F00A048CB /* computer_list.xcdatamodel */ = {isa = PBXFileReference; lastKnownFileType = wrapper.xcdatamodel; path = computer_list.xcdatamodel; sourceTree = "<group>"; };
		4B9C188D23E4F01400A048CB /* Assets.xcassets */ = {isa = PBXFileReference; lastKnownFileType = folder.assetcatalog; path = Assets.xcassets; sourceTree = "<group>"; };
		4B9C189023E4F01400A048CB /* Base */ = {isa = PBXFileReference; lastKnownFileType = file.storyboard; name = Base; path = Base.lproj/LaunchScreen.storyboard; sourceTree = "<group>"; };
		4B9C189223E4F01400A048CB /* Info.plist */ = {isa = PBXFileReference; lastKnownFileType = text.plist.xml; path = Info.plist; sourceTree = "<group>"; };
		4B9C189A23E4F55A00A048CB /* ListCell.swift */ = {isa = PBXFileReference; lastKnownFileType = sourcecode.swift; path = ListCell.swift; sourceTree = "<group>"; };
		4BC7321423E6397F005A17E9 /* Builder.swift */ = {isa = PBXFileReference; lastKnownFileType = sourcecode.swift; path = Builder.swift; sourceTree = "<group>"; };
		4BC7321623E639A9005A17E9 /* Router.swift */ = {isa = PBXFileReference; lastKnownFileType = sourcecode.swift; path = Router.swift; sourceTree = "<group>"; };
		4BC7321823E63B51005A17E9 /* ListPresenter.swift */ = {isa = PBXFileReference; lastKnownFileType = sourcecode.swift; path = ListPresenter.swift; sourceTree = "<group>"; };
		4BC7321C23E63E1C005A17E9 /* List.swift */ = {isa = PBXFileReference; lastKnownFileType = sourcecode.swift; path = List.swift; sourceTree = "<group>"; };
		4BC7321E23E6D18F005A17E9 /* NetworkService.swift */ = {isa = PBXFileReference; lastKnownFileType = sourcecode.swift; path = NetworkService.swift; sourceTree = "<group>"; };
		4BE0D75A23E81BFF0042EEF1 /* DetailPresenter.swift */ = {isa = PBXFileReference; lastKnownFileType = sourcecode.swift; path = DetailPresenter.swift; sourceTree = "<group>"; };
		4BE0D75C23E81C990042EEF1 /* Detail.swift */ = {isa = PBXFileReference; lastKnownFileType = sourcecode.swift; path = Detail.swift; sourceTree = "<group>"; };
/* End PBXFileReference section */

/* Begin PBXFrameworksBuildPhase section */
		4B16998E23EFFAB80056AB59 /* Frameworks */ = {
			isa = PBXFrameworksBuildPhase;
			buildActionMask = 2147483647;
			files = (
			);
			runOnlyForDeploymentPostprocessing = 0;
		};
		4B9C187B23E4F00F00A048CB /* Frameworks */ = {
			isa = PBXFrameworksBuildPhase;
			buildActionMask = 2147483647;
			files = (
			);
			runOnlyForDeploymentPostprocessing = 0;
		};
/* End PBXFrameworksBuildPhase section */

/* Begin PBXGroup section */
		4B16999223EFFAB80056AB59 /* computer-listTests */ = {
			isa = PBXGroup;
			children = (
				4B16999B23EFFC0C0056AB59 /* ListTest.swift */,
				4B16999323EFFAB80056AB59 /* computer_listTests.swift */,
				4B16999523EFFAB80056AB59 /* Info.plist */,
				4B16999D23F05D900056AB59 /* RouterTest.swift */,
			);
			path = "computer-listTests";
			sourceTree = "<group>";
		};
		4B9C187523E4F00F00A048CB = {
			isa = PBXGroup;
			children = (
				4B9C188023E4F00F00A048CB /* computer-list */,
				4B16999223EFFAB80056AB59 /* computer-listTests */,
				4B9C187F23E4F00F00A048CB /* Products */,
			);
			sourceTree = "<group>";
		};
		4B9C187F23E4F00F00A048CB /* Products */ = {
			isa = PBXGroup;
			children = (
				4B9C187E23E4F00F00A048CB /* computer-list.app */,
				4B16999123EFFAB80056AB59 /* computer-listTests.xctest */,
			);
			name = Products;
			sourceTree = "<group>";
		};
		4B9C188023E4F00F00A048CB /* computer-list */ = {
			isa = PBXGroup;
			children = (
				4B9C188123E4F00F00A048CB /* AppDelegate.swift */,
				4BC7321423E6397F005A17E9 /* Builder.swift */,
				4BC7321623E639A9005A17E9 /* Router.swift */,
				4B3CD3B023E80A9D00DB1E3D /* IndicatorAlert.swift */,
				4BC7321323E6394D005A17E9 /* Services */,
				4BC7321B23E63DFF005A17E9 /* ListModule */,
				4BE0D75923E81BE80042EEF1 /* DetailModule */,
				4B9C188D23E4F01400A048CB /* Assets.xcassets */,
				4B9C188F23E4F01400A048CB /* LaunchScreen.storyboard */,
				4B9C189223E4F01400A048CB /* Info.plist */,
				4B9C188A23E4F00F00A048CB /* computer_list.xcdatamodeld */,
			);
			path = "computer-list";
			sourceTree = "<group>";
		};
		4BC7321323E6394D005A17E9 /* Services */ = {
			isa = PBXGroup;
			children = (
				4BC7321E23E6D18F005A17E9 /* NetworkService.swift */,
			);
			path = Services;
			sourceTree = "<group>";
		};
		4BC7321B23E63DFF005A17E9 /* ListModule */ = {
			isa = PBXGroup;
			children = (
				4B9C188523E4F00F00A048CB /* ListViewController.swift */,
				4BC7321823E63B51005A17E9 /* ListPresenter.swift */,
				4B9C189A23E4F55A00A048CB /* ListCell.swift */,
				4BC7321C23E63E1C005A17E9 /* List.swift */,
			);
			path = ListModule;
			sourceTree = "<group>";
		};
		4BE0D75923E81BE80042EEF1 /* DetailModule */ = {
			isa = PBXGroup;
			children = (
				4B3CD3AE23E753B500DB1E3D /* DetailViewController.swift */,
				4BE0D75A23E81BFF0042EEF1 /* DetailPresenter.swift */,
				4BE0D75C23E81C990042EEF1 /* Detail.swift */,
				4B16998923EFE9090056AB59 /* SameCell.swift */,
				4B16998B23EFEAB80056AB59 /* Same.swift */,
			);
			path = DetailModule;
			sourceTree = "<group>";
		};
/* End PBXGroup section */

/* Begin PBXNativeTarget section */
		4B16999023EFFAB80056AB59 /* computer-listTests */ = {
			isa = PBXNativeTarget;
			buildConfigurationList = 4B16999823EFFAB80056AB59 /* Build configuration list for PBXNativeTarget "computer-listTests" */;
			buildPhases = (
				4B16998D23EFFAB80056AB59 /* Sources */,
				4B16998E23EFFAB80056AB59 /* Frameworks */,
				4B16998F23EFFAB80056AB59 /* Resources */,
			);
			buildRules = (
			);
			dependencies = (
				4B16999723EFFAB80056AB59 /* PBXTargetDependency */,
			);
			name = "computer-listTests";
			productName = "computer-listTests";
			productReference = 4B16999123EFFAB80056AB59 /* computer-listTests.xctest */;
			productType = "com.apple.product-type.bundle.unit-test";
		};
		4B9C187D23E4F00F00A048CB /* computer-list */ = {
			isa = PBXNativeTarget;
			buildConfigurationList = 4B9C189523E4F01400A048CB /* Build configuration list for PBXNativeTarget "computer-list" */;
			buildPhases = (
				4B9C187A23E4F00F00A048CB /* Sources */,
				4B9C187B23E4F00F00A048CB /* Frameworks */,
				4B9C187C23E4F00F00A048CB /* Resources */,
			);
			buildRules = (
			);
			dependencies = (
			);
			name = "computer-list";
			productName = "computer-list";
			productReference = 4B9C187E23E4F00F00A048CB /* computer-list.app */;
			productType = "com.apple.product-type.application";
		};
/* End PBXNativeTarget section */

/* Begin PBXProject section */
		4B9C187623E4F00F00A048CB /* Project object */ = {
			isa = PBXProject;
			attributes = {
				LastSwiftUpdateCheck = 1120;
				LastUpgradeCheck = 1120;
				ORGANIZATIONNAME = "Савелий Вепрев";
				TargetAttributes = {
					4B16999023EFFAB80056AB59 = {
						CreatedOnToolsVersion = 11.2.1;
						TestTargetID = 4B9C187D23E4F00F00A048CB;
					};
					4B9C187D23E4F00F00A048CB = {
						CreatedOnToolsVersion = 11.2.1;
					};
				};
			};
			buildConfigurationList = 4B9C187923E4F00F00A048CB /* Build configuration list for PBXProject "computer-list" */;
			compatibilityVersion = "Xcode 9.3";
			developmentRegion = en;
			hasScannedForEncodings = 0;
			knownRegions = (
				en,
				Base,
			);
			mainGroup = 4B9C187523E4F00F00A048CB;
			productRefGroup = 4B9C187F23E4F00F00A048CB /* Products */;
			projectDirPath = "";
			projectRoot = "";
			targets = (
				4B9C187D23E4F00F00A048CB /* computer-list */,
				4B16999023EFFAB80056AB59 /* computer-listTests */,
			);
		};
/* End PBXProject section */

/* Begin PBXResourcesBuildPhase section */
		4B16998F23EFFAB80056AB59 /* Resources */ = {
			isa = PBXResourcesBuildPhase;
			buildActionMask = 2147483647;
			files = (
			);
			runOnlyForDeploymentPostprocessing = 0;
		};
		4B9C187C23E4F00F00A048CB /* Resources */ = {
			isa = PBXResourcesBuildPhase;
			buildActionMask = 2147483647;
			files = (
				4B9C189123E4F01400A048CB /* LaunchScreen.storyboard in Resources */,
				4B9C188E23E4F01400A048CB /* Assets.xcassets in Resources */,
			);
			runOnlyForDeploymentPostprocessing = 0;
		};
/* End PBXResourcesBuildPhase section */

/* Begin PBXSourcesBuildPhase section */
		4B16998D23EFFAB80056AB59 /* Sources */ = {
			isa = PBXSourcesBuildPhase;
			buildActionMask = 2147483647;
			files = (
				4B16999423EFFAB80056AB59 /* computer_listTests.swift in Sources */,
				4B16999E23F05D900056AB59 /* RouterTest.swift in Sources */,
				4B16999C23EFFC0C0056AB59 /* ListTest.swift in Sources */,
			);
			runOnlyForDeploymentPostprocessing = 0;
		};
		4B9C187A23E4F00F00A048CB /* Sources */ = {
			isa = PBXSourcesBuildPhase;
			buildActionMask = 2147483647;
			files = (
				4BC7321923E63B51005A17E9 /* ListPresenter.swift in Sources */,
				4BC7321D23E63E1C005A17E9 /* List.swift in Sources */,
				4B3CD3B123E80A9D00DB1E3D /* IndicatorAlert.swift in Sources */,
				4B9C188C23E4F00F00A048CB /* computer_list.xcdatamodeld in Sources */,
				4B9C189B23E4F55A00A048CB /* ListCell.swift in Sources */,
				4B16998A23EFE9090056AB59 /* SameCell.swift in Sources */,
				4BC7321F23E6D18F005A17E9 /* NetworkService.swift in Sources */,
				4B9C188623E4F00F00A048CB /* ListViewController.swift in Sources */,
				4B9C188223E4F00F00A048CB /* AppDelegate.swift in Sources */,
				4B3CD3AF23E753B500DB1E3D /* DetailViewController.swift in Sources */,
				4BC7321723E639A9005A17E9 /* Router.swift in Sources */,
				4BC7321523E6397F005A17E9 /* Builder.swift in Sources */,
				4BE0D75B23E81BFF0042EEF1 /* DetailPresenter.swift in Sources */,
				4B16998C23EFEAB80056AB59 /* Same.swift in Sources */,
				4BE0D75D23E81C990042EEF1 /* Detail.swift in Sources */,
			);
			runOnlyForDeploymentPostprocessing = 0;
		};
/* End PBXSourcesBuildPhase section */

/* Begin PBXTargetDependency section */
		4B16999723EFFAB80056AB59 /* PBXTargetDependency */ = {
			isa = PBXTargetDependency;
			target = 4B9C187D23E4F00F00A048CB /* computer-list */;
			targetProxy = 4B16999623EFFAB80056AB59 /* PBXContainerItemProxy */;
		};
/* End PBXTargetDependency section */

/* Begin PBXVariantGroup section */
		4B9C188F23E4F01400A048CB /* LaunchScreen.storyboard */ = {
			isa = PBXVariantGroup;
			children = (
				4B9C189023E4F01400A048CB /* Base */,
			);
			name = LaunchScreen.storyboard;
			sourceTree = "<group>";
		};
/* End PBXVariantGroup section */

/* Begin XCBuildConfiguration section */
		4B16999923EFFAB80056AB59 /* Debug */ = {
			isa = XCBuildConfiguration;
			buildSettings = {
				BUNDLE_LOADER = "$(TEST_HOST)";
				CODE_SIGN_STYLE = Automatic;
				DEVELOPMENT_TEAM = 89BRB6J8X8;
				INFOPLIST_FILE = "computer-listTests/Info.plist";
				LD_RUNPATH_SEARCH_PATHS = (
					"$(inherited)",
					"@executable_path/Frameworks",
					"@loader_path/Frameworks",
				);
				PRODUCT_BUNDLE_IDENTIFIER = "com.veprev.cl.computer-listTests";
				PRODUCT_NAME = "$(TARGET_NAME)";
				SWIFT_VERSION = 5.0;
				TARGETED_DEVICE_FAMILY = "1,2";
				TEST_HOST = "$(BUILT_PRODUCTS_DIR)/computer-list.app/computer-list";
			};
			name = Debug;
		};
		4B16999A23EFFAB80056AB59 /* Release */ = {
			isa = XCBuildConfiguration;
			buildSettings = {
				BUNDLE_LOADER = "$(TEST_HOST)";
				CODE_SIGN_STYLE = Automatic;
				DEVELOPMENT_TEAM = 89BRB6J8X8;
				INFOPLIST_FILE = "computer-listTests/Info.plist";
				LD_RUNPATH_SEARCH_PATHS = (
					"$(inherited)",
					"@executable_path/Frameworks",
					"@loader_path/Frameworks",
				);
				PRODUCT_BUNDLE_IDENTIFIER = "com.veprev.cl.computer-listTests";
				PRODUCT_NAME = "$(TARGET_NAME)";
				SWIFT_VERSION = 5.0;
				TARGETED_DEVICE_FAMILY = "1,2";
				TEST_HOST = "$(BUILT_PRODUCTS_DIR)/computer-list.app/computer-list";
			};
			name = Release;
		};
		4B9C189323E4F01400A048CB /* Debug */ = {
			isa = XCBuildConfiguration;
			buildSettings = {
				ALWAYS_SEARCH_USER_PATHS = NO;
				CLANG_ANALYZER_NONNULL = YES;
				CLANG_ANALYZER_NUMBER_OBJECT_CONVERSION = YES_AGGRESSIVE;
				CLANG_CXX_LANGUAGE_STANDARD = "gnu++14";
				CLANG_CXX_LIBRARY = "libc++";
				CLANG_ENABLE_MODULES = YES;
				CLANG_ENABLE_OBJC_ARC = YES;
				CLANG_ENABLE_OBJC_WEAK = YES;
				CLANG_WARN_BLOCK_CAPTURE_AUTORELEASING = YES;
				CLANG_WARN_BOOL_CONVERSION = YES;
				CLANG_WARN_COMMA = YES;
				CLANG_WARN_CONSTANT_CONVERSION = YES;
				CLANG_WARN_DEPRECATED_OBJC_IMPLEMENTATIONS = YES;
				CLANG_WARN_DIRECT_OBJC_ISA_USAGE = YES_ERROR;
				CLANG_WARN_DOCUMENTATION_COMMENTS = YES;
				CLANG_WARN_EMPTY_BODY = YES;
				CLANG_WARN_ENUM_CONVERSION = YES;
				CLANG_WARN_INFINITE_RECURSION = YES;
				CLANG_WARN_INT_CONVERSION = YES;
				CLANG_WARN_NON_LITERAL_NULL_CONVERSION = YES;
				CLANG_WARN_OBJC_IMPLICIT_RETAIN_SELF = YES;
				CLANG_WARN_OBJC_LITERAL_CONVERSION = YES;
				CLANG_WARN_OBJC_ROOT_CLASS = YES_ERROR;
				CLANG_WARN_RANGE_LOOP_ANALYSIS = YES;
				CLANG_WARN_STRICT_PROTOTYPES = YES;
				CLANG_WARN_SUSPICIOUS_MOVE = YES;
				CLANG_WARN_UNGUARDED_AVAILABILITY = YES_AGGRESSIVE;
				CLANG_WARN_UNREACHABLE_CODE = YES;
				CLANG_WARN__DUPLICATE_METHOD_MATCH = YES;
				COPY_PHASE_STRIP = NO;
				DEBUG_INFORMATION_FORMAT = dwarf;
				ENABLE_STRICT_OBJC_MSGSEND = YES;
				ENABLE_TESTABILITY = YES;
				GCC_C_LANGUAGE_STANDARD = gnu11;
				GCC_DYNAMIC_NO_PIC = NO;
				GCC_NO_COMMON_BLOCKS = YES;
				GCC_OPTIMIZATION_LEVEL = 0;
				GCC_PREPROCESSOR_DEFINITIONS = (
					"DEBUG=1",
					"$(inherited)",
				);
				GCC_WARN_64_TO_32_BIT_CONVERSION = YES;
				GCC_WARN_ABOUT_RETURN_TYPE = YES_ERROR;
				GCC_WARN_UNDECLARED_SELECTOR = YES;
				GCC_WARN_UNINITIALIZED_AUTOS = YES_AGGRESSIVE;
				GCC_WARN_UNUSED_FUNCTION = YES;
				GCC_WARN_UNUSED_VARIABLE = YES;
				IPHONEOS_DEPLOYMENT_TARGET = 13.2;
				MTL_ENABLE_DEBUG_INFO = INCLUDE_SOURCE;
				MTL_FAST_MATH = YES;
				ONLY_ACTIVE_ARCH = YES;
				SDKROOT = iphoneos;
				SWIFT_ACTIVE_COMPILATION_CONDITIONS = DEBUG;
				SWIFT_OPTIMIZATION_LEVEL = "-Onone";
			};
			name = Debug;
		};
		4B9C189423E4F01400A048CB /* Release */ = {
			isa = XCBuildConfiguration;
			buildSettings = {
				ALWAYS_SEARCH_USER_PATHS = NO;
				CLANG_ANALYZER_NONNULL = YES;
				CLANG_ANALYZER_NUMBER_OBJECT_CONVERSION = YES_AGGRESSIVE;
				CLANG_CXX_LANGUAGE_STANDARD = "gnu++14";
				CLANG_CXX_LIBRARY = "libc++";
				CLANG_ENABLE_MODULES = YES;
				CLANG_ENABLE_OBJC_ARC = YES;
				CLANG_ENABLE_OBJC_WEAK = YES;
				CLANG_WARN_BLOCK_CAPTURE_AUTORELEASING = YES;
				CLANG_WARN_BOOL_CONVERSION = YES;
				CLANG_WARN_COMMA = YES;
				CLANG_WARN_CONSTANT_CONVERSION = YES;
				CLANG_WARN_DEPRECATED_OBJC_IMPLEMENTATIONS = YES;
				CLANG_WARN_DIRECT_OBJC_ISA_USAGE = YES_ERROR;
				CLANG_WARN_DOCUMENTATION_COMMENTS = YES;
				CLANG_WARN_EMPTY_BODY = YES;
				CLANG_WARN_ENUM_CONVERSION = YES;
				CLANG_WARN_INFINITE_RECURSION = YES;
				CLANG_WARN_INT_CONVERSION = YES;
				CLANG_WARN_NON_LITERAL_NULL_CONVERSION = YES;
				CLANG_WARN_OBJC_IMPLICIT_RETAIN_SELF = YES;
				CLANG_WARN_OBJC_LITERAL_CONVERSION = YES;
				CLANG_WARN_OBJC_ROOT_CLASS = YES_ERROR;
				CLANG_WARN_RANGE_LOOP_ANALYSIS = YES;
				CLANG_WARN_STRICT_PROTOTYPES = YES;
				CLANG_WARN_SUSPICIOUS_MOVE = YES;
				CLANG_WARN_UNGUARDED_AVAILABILITY = YES_AGGRESSIVE;
				CLANG_WARN_UNREACHABLE_CODE = YES;
				CLANG_WARN__DUPLICATE_METHOD_MATCH = YES;
				COPY_PHASE_STRIP = NO;
				DEBUG_INFORMATION_FORMAT = "dwarf-with-dsym";
				ENABLE_NS_ASSERTIONS = NO;
				ENABLE_STRICT_OBJC_MSGSEND = YES;
				GCC_C_LANGUAGE_STANDARD = gnu11;
				GCC_NO_COMMON_BLOCKS = YES;
				GCC_WARN_64_TO_32_BIT_CONVERSION = YES;
				GCC_WARN_ABOUT_RETURN_TYPE = YES_ERROR;
				GCC_WARN_UNDECLARED_SELECTOR = YES;
				GCC_WARN_UNINITIALIZED_AUTOS = YES_AGGRESSIVE;
				GCC_WARN_UNUSED_FUNCTION = YES;
				GCC_WARN_UNUSED_VARIABLE = YES;
				IPHONEOS_DEPLOYMENT_TARGET = 13.2;
				MTL_ENABLE_DEBUG_INFO = NO;
				MTL_FAST_MATH = YES;
				SDKROOT = iphoneos;
				SWIFT_COMPILATION_MODE = wholemodule;
				SWIFT_OPTIMIZATION_LEVEL = "-O";
				VALIDATE_PRODUCT = YES;
			};
			name = Release;
		};
		4B9C189623E4F01400A048CB /* Debug */ = {
			isa = XCBuildConfiguration;
			buildSettings = {
				ASSETCATALOG_COMPILER_APPICON_NAME = AppIcon;
				CODE_SIGN_STYLE = Automatic;
				DEVELOPMENT_TEAM = 89BRB6J8X8;
				INFOPLIST_FILE = "computer-list/Info.plist";
				IPHONEOS_DEPLOYMENT_TARGET = 11.0;
				LD_RUNPATH_SEARCH_PATHS = (
					"$(inherited)",
					"@executable_path/Frameworks",
				);
				PRODUCT_BUNDLE_IDENTIFIER = "com.veprev.cl.computer-list";
				PRODUCT_NAME = "$(TARGET_NAME)";
				SWIFT_VERSION = 5.0;
				TARGETED_DEVICE_FAMILY = "1,2";
			};
			name = Debug;
		};
		4B9C189723E4F01400A048CB /* Release */ = {
			isa = XCBuildConfiguration;
			buildSettings = {
				ASSETCATALOG_COMPILER_APPICON_NAME = AppIcon;
				CODE_SIGN_STYLE = Automatic;
				DEVELOPMENT_TEAM = 89BRB6J8X8;
				INFOPLIST_FILE = "computer-list/Info.plist";
				IPHONEOS_DEPLOYMENT_TARGET = 11.0;
				LD_RUNPATH_SEARCH_PATHS = (
					"$(inherited)",
					"@executable_path/Frameworks",
				);
				PRODUCT_BUNDLE_IDENTIFIER = "com.veprev.cl.computer-list";
				PRODUCT_NAME = "$(TARGET_NAME)";
				SWIFT_VERSION = 5.0;
				TARGETED_DEVICE_FAMILY = "1,2";
			};
			name = Release;
		};
/* End XCBuildConfiguration section */

/* Begin XCConfigurationList section */
		4B16999823EFFAB80056AB59 /* Build configuration list for PBXNativeTarget "computer-listTests" */ = {
			isa = XCConfigurationList;
			buildConfigurations = (
				4B16999923EFFAB80056AB59 /* Debug */,
				4B16999A23EFFAB80056AB59 /* Release */,
			);
			defaultConfigurationIsVisible = 0;
			defaultConfigurationName = Release;
		};
		4B9C187923E4F00F00A048CB /* Build configuration list for PBXProject "computer-list" */ = {
			isa = XCConfigurationList;
			buildConfigurations = (
				4B9C189323E4F01400A048CB /* Debug */,
				4B9C189423E4F01400A048CB /* Release */,
			);
			defaultConfigurationIsVisible = 0;
			defaultConfigurationName = Release;
		};
		4B9C189523E4F01400A048CB /* Build configuration list for PBXNativeTarget "computer-list" */ = {
			isa = XCConfigurationList;
			buildConfigurations = (
				4B9C189623E4F01400A048CB /* Debug */,
				4B9C189723E4F01400A048CB /* Release */,
			);
			defaultConfigurationIsVisible = 0;
			defaultConfigurationName = Release;
		};
/* End XCConfigurationList section */

/* Begin XCVersionGroup section */
		4B9C188A23E4F00F00A048CB /* computer_list.xcdatamodeld */ = {
			isa = XCVersionGroup;
			children = (
				4B9C188B23E4F00F00A048CB /* computer_list.xcdatamodel */,
			);
			currentVersion = 4B9C188B23E4F00F00A048CB /* computer_list.xcdatamodel */;
			path = computer_list.xcdatamodeld;
			sourceTree = "<group>";
			versionGroupType = wrapper.xcdatamodel;
		};
/* End XCVersionGroup section */
	};
	rootObject = 4B9C187623E4F00F00A048CB /* Project object */;
}
